// !$*UTF8*$!
{
	archiveVersion = 1;
	classes = {
	};
	objectVersion = 56;
	objects = {

/* Begin PBXBuildFile section */
		C08D1AEA2CD0115500110470 /* FileContentViewController.swift in Sources */ = {isa = PBXBuildFile; fileRef = C08D1AE92CD0115500110470 /* FileContentViewController.swift */; };
		C0E18DB62CC69367001FF27C /* AppDelegate.swift in Sources */ = {isa = PBXBuildFile; fileRef = C0E18DB52CC69367001FF27C /* AppDelegate.swift */; };
		C0E18DB82CC69367001FF27C /* SceneDelegate.swift in Sources */ = {isa = PBXBuildFile; fileRef = C0E18DB72CC69367001FF27C /* SceneDelegate.swift */; };
		C0E18DBA2CC69367001FF27C /* ViewController.swift in Sources */ = {isa = PBXBuildFile; fileRef = C0E18DB92CC69367001FF27C /* ViewController.swift */; };
		C0E18DBD2CC69367001FF27C /* Main.storyboard in Resources */ = {isa = PBXBuildFile; fileRef = C0E18DBB2CC69367001FF27C /* Main.storyboard */; };
		C0E18DBF2CC69368001FF27C /* Assets.xcassets in Resources */ = {isa = PBXBuildFile; fileRef = C0E18DBE2CC69368001FF27C /* Assets.xcassets */; };
		C0E18DC22CC69368001FF27C /* LaunchScreen.storyboard in Resources */ = {isa = PBXBuildFile; fileRef = C0E18DC02CC69368001FF27C /* LaunchScreen.storyboard */; };
		C0E18DCD2CC69368001FF27C /* AI_helperTests.swift in Sources */ = {isa = PBXBuildFile; fileRef = C0E18DCC2CC69368001FF27C /* AI_helperTests.swift */; };
		C0E18DD72CC69368001FF27C /* AI_helperUITests.swift in Sources */ = {isa = PBXBuildFile; fileRef = C0E18DD62CC69368001FF27C /* AI_helperUITests.swift */; };
		C0E18DD92CC69368001FF27C /* AI_helperUITestsLaunchTests.swift in Sources */ = {isa = PBXBuildFile; fileRef = C0E18DD82CC69368001FF27C /* AI_helperUITestsLaunchTests.swift */; };
/* End PBXBuildFile section */

/* Begin PBXContainerItemProxy section */
		C0E18DC92CC69368001FF27C /* PBXContainerItemProxy */ = {
			isa = PBXContainerItemProxy;
			containerPortal = C0E18DAA2CC69367001FF27C /* Project object */;
			proxyType = 1;
			remoteGlobalIDString = C0E18DB12CC69367001FF27C;
			remoteInfo = AI_helper;
		};
		C0E18DD32CC69368001FF27C /* PBXContainerItemProxy */ = {
			isa = PBXContainerItemProxy;
			containerPortal = C0E18DAA2CC69367001FF27C /* Project object */;
			proxyType = 1;
			remoteGlobalIDString = C0E18DB12CC69367001FF27C;
			remoteInfo = AI_helper;
		};
/* End PBXContainerItemProxy section */

/* Begin PBXFileReference section */
		C08D1AE92CD0115500110470 /* FileContentViewController.swift */ = {isa = PBXFileReference; lastKnownFileType = sourcecode.swift; path = FileContentViewController.swift; sourceTree = "<group>"; };
		C0E18DB22CC69367001FF27C /* AI_helper.app */ = {isa = PBXFileReference; explicitFileType = wrapper.application; includeInIndex = 0; path = AI_helper.app; sourceTree = BUILT_PRODUCTS_DIR; };
		C0E18DB52CC69367001FF27C /* AppDelegate.swift */ = {isa = PBXFileReference; lastKnownFileType = sourcecode.swift; path = AppDelegate.swift; sourceTree = "<group>"; };
		C0E18DB72CC69367001FF27C /* SceneDelegate.swift */ = {isa = PBXFileReference; lastKnownFileType = sourcecode.swift; path = SceneDelegate.swift; sourceTree = "<group>"; };
		C0E18DB92CC69367001FF27C /* ViewController.swift */ = {isa = PBXFileReference; lastKnownFileType = sourcecode.swift; path = ViewController.swift; sourceTree = "<group>"; };
		C0E18DBC2CC69367001FF27C /* Base */ = {isa = PBXFileReference; lastKnownFileType = file.storyboard; name = Base; path = Base.lproj/Main.storyboard; sourceTree = "<group>"; };
		C0E18DBE2CC69368001FF27C /* Assets.xcassets */ = {isa = PBXFileReference; lastKnownFileType = folder.assetcatalog; path = Assets.xcassets; sourceTree = "<group>"; };
		C0E18DC12CC69368001FF27C /* Base */ = {isa = PBXFileReference; lastKnownFileType = file.storyboard; name = Base; path = Base.lproj/LaunchScreen.storyboard; sourceTree = "<group>"; };
		C0E18DC32CC69368001FF27C /* Info.plist */ = {isa = PBXFileReference; lastKnownFileType = text.plist.xml; path = Info.plist; sourceTree = "<group>"; };
		C0E18DC82CC69368001FF27C /* AI_helperTests.xctest */ = {isa = PBXFileReference; explicitFileType = wrapper.cfbundle; includeInIndex = 0; path = AI_helperTests.xctest; sourceTree = BUILT_PRODUCTS_DIR; };
		C0E18DCC2CC69368001FF27C /* AI_helperTests.swift */ = {isa = PBXFileReference; lastKnownFileType = sourcecode.swift; path = AI_helperTests.swift; sourceTree = "<group>"; };
		C0E18DD22CC69368001FF27C /* AI_helperUITests.xctest */ = {isa = PBXFileReference; explicitFileType = wrapper.cfbundle; includeInIndex = 0; path = AI_helperUITests.xctest; sourceTree = BUILT_PRODUCTS_DIR; };
		C0E18DD62CC69368001FF27C /* AI_helperUITests.swift */ = {isa = PBXFileReference; lastKnownFileType = sourcecode.swift; path = AI_helperUITests.swift; sourceTree = "<group>"; };
		C0E18DD82CC69368001FF27C /* AI_helperUITestsLaunchTests.swift */ = {isa = PBXFileReference; lastKnownFileType = sourcecode.swift; path = AI_helperUITestsLaunchTests.swift; sourceTree = "<group>"; };
/* End PBXFileReference section */

/* Begin PBXFrameworksBuildPhase section */
		C0E18DAF2CC69367001FF27C /* Frameworks */ = {
			isa = PBXFrameworksBuildPhase;
			buildActionMask = 2147483647;
			files = (
			);
			runOnlyForDeploymentPostprocessing = 0;
		};
		C0E18DC52CC69368001FF27C /* Frameworks */ = {
			isa = PBXFrameworksBuildPhase;
			buildActionMask = 2147483647;
			files = (
			);
			runOnlyForDeploymentPostprocessing = 0;
		};
		C0E18DCF2CC69368001FF27C /* Frameworks */ = {
			isa = PBXFrameworksBuildPhase;
			buildActionMask = 2147483647;
			files = (
			);
			runOnlyForDeploymentPostprocessing = 0;
		};
/* End PBXFrameworksBuildPhase section */

/* Begin PBXGroup section */
		C0E18DA92CC69367001FF27C = {
			isa = PBXGroup;
			children = (
				C0E18DB42CC69367001FF27C /* AI_helper */,
				C0E18DCB2CC69368001FF27C /* AI_helperTests */,
				C0E18DD52CC69368001FF27C /* AI_helperUITests */,
				C0E18DB32CC69367001FF27C /* Products */,
			);
			sourceTree = "<group>";
		};
		C0E18DB32CC69367001FF27C /* Products */ = {
			isa = PBXGroup;
			children = (
				C0E18DB22CC69367001FF27C /* AI_helper.app */,
				C0E18DC82CC69368001FF27C /* AI_helperTests.xctest */,
				C0E18DD22CC69368001FF27C /* AI_helperUITests.xctest */,
			);
			name = Products;
			sourceTree = "<group>";
		};
		C0E18DB42CC69367001FF27C /* AI_helper */ = {
			isa = PBXGroup;
			children = (
				C0E18DB52CC69367001FF27C /* AppDelegate.swift */,
				C0E18DB72CC69367001FF27C /* SceneDelegate.swift */,
				C0E18DB92CC69367001FF27C /* ViewController.swift */,
				C0E18DBB2CC69367001FF27C /* Main.storyboard */,
				C0E18DBE2CC69368001FF27C /* Assets.xcassets */,
				C0E18DC02CC69368001FF27C /* LaunchScreen.storyboard */,
				C0E18DC32CC69368001FF27C /* Info.plist */,
				C08D1AE92CD0115500110470 /* FileContentViewController.swift */,
			);
			path = AI_helper;
			sourceTree = "<group>";
		};
		C0E18DCB2CC69368001FF27C /* AI_helperTests */ = {
			isa = PBXGroup;
			children = (
				C0E18DCC2CC69368001FF27C /* AI_helperTests.swift */,
			);
			path = AI_helperTests;
			sourceTree = "<group>";
		};
		C0E18DD52CC69368001FF27C /* AI_helperUITests */ = {
			isa = PBXGroup;
			children = (
				C0E18DD62CC69368001FF27C /* AI_helperUITests.swift */,
				C0E18DD82CC69368001FF27C /* AI_helperUITestsLaunchTests.swift */,
			);
			path = AI_helperUITests;
			sourceTree = "<group>";
		};
/* End PBXGroup section */

/* Begin PBXNativeTarget section */
		C0E18DB12CC69367001FF27C /* AI_helper */ = {
			isa = PBXNativeTarget;
			buildConfigurationList = C0E18DDC2CC69368001FF27C /* Build configuration list for PBXNativeTarget "AI_helper" */;
			buildPhases = (
				C0E18DAE2CC69367001FF27C /* Sources */,
				C0E18DAF2CC69367001FF27C /* Frameworks */,
				C0E18DB02CC69367001FF27C /* Resources */,
			);
			buildRules = (
			);
			dependencies = (
			);
			name = AI_helper;
			productName = AI_helper;
			productReference = C0E18DB22CC69367001FF27C /* AI_helper.app */;
			productType = "com.apple.product-type.application";
		};
		C0E18DC72CC69368001FF27C /* AI_helperTests */ = {
			isa = PBXNativeTarget;
			buildConfigurationList = C0E18DDF2CC69368001FF27C /* Build configuration list for PBXNativeTarget "AI_helperTests" */;
			buildPhases = (
				C0E18DC42CC69368001FF27C /* Sources */,
				C0E18DC52CC69368001FF27C /* Frameworks */,
				C0E18DC62CC69368001FF27C /* Resources */,
			);
			buildRules = (
			);
			dependencies = (
				C0E18DCA2CC69368001FF27C /* PBXTargetDependency */,
			);
			name = AI_helperTests;
			productName = AI_helperTests;
			productReference = C0E18DC82CC69368001FF27C /* AI_helperTests.xctest */;
			productType = "com.apple.product-type.bundle.unit-test";
		};
		C0E18DD12CC69368001FF27C /* AI_helperUITests */ = {
			isa = PBXNativeTarget;
			buildConfigurationList = C0E18DE22CC69368001FF27C /* Build configuration list for PBXNativeTarget "AI_helperUITests" */;
			buildPhases = (
				C0E18DCE2CC69368001FF27C /* Sources */,
				C0E18DCF2CC69368001FF27C /* Frameworks */,
				C0E18DD02CC69368001FF27C /* Resources */,
			);
			buildRules = (
			);
			dependencies = (
				C0E18DD42CC69368001FF27C /* PBXTargetDependency */,
			);
			name = AI_helperUITests;
			productName = AI_helperUITests;
			productReference = C0E18DD22CC69368001FF27C /* AI_helperUITests.xctest */;
			productType = "com.apple.product-type.bundle.ui-testing";
		};
/* End PBXNativeTarget section */

/* Begin PBXProject section */
		C0E18DAA2CC69367001FF27C /* Project object */ = {
			isa = PBXProject;
			attributes = {
				BuildIndependentTargetsInParallel = 1;
				LastSwiftUpdateCheck = 1410;
				LastUpgradeCheck = 1410;
				TargetAttributes = {
					C0E18DB12CC69367001FF27C = {
						CreatedOnToolsVersion = 14.1;
					};
					C0E18DC72CC69368001FF27C = {
						CreatedOnToolsVersion = 14.1;
						TestTargetID = C0E18DB12CC69367001FF27C;
					};
					C0E18DD12CC69368001FF27C = {
						CreatedOnToolsVersion = 14.1;
						TestTargetID = C0E18DB12CC69367001FF27C;
					};
				};
			};
			buildConfigurationList = C0E18DAD2CC69367001FF27C /* Build configuration list for PBXProject "AI_helper" */;
			compatibilityVersion = "Xcode 14.0";
			developmentRegion = en;
			hasScannedForEncodings = 0;
			knownRegions = (
				en,
				Base,
			);
			mainGroup = C0E18DA92CC69367001FF27C;
			productRefGroup = C0E18DB32CC69367001FF27C /* Products */;
			projectDirPath = "";
			projectRoot = "";
			targets = (
				C0E18DB12CC69367001FF27C /* AI_helper */,
				C0E18DC72CC69368001FF27C /* AI_helperTests */,
				C0E18DD12CC69368001FF27C /* AI_helperUITests */,
			);
		};
/* End PBXProject section */

/* Begin PBXResourcesBuildPhase section */
		C0E18DB02CC69367001FF27C /* Resources */ = {
			isa = PBXResourcesBuildPhase;
			buildActionMask = 2147483647;
			files = (
				C0E18DC22CC69368001FF27C /* LaunchScreen.storyboard in Resources */,
				C0E18DBF2CC69368001FF27C /* Assets.xcassets in Resources */,
				C0E18DBD2CC69367001FF27C /* Main.storyboard in Resources */,
			);
			runOnlyForDeploymentPostprocessing = 0;
		};
		C0E18DC62CC69368001FF27C /* Resources */ = {
			isa = PBXResourcesBuildPhase;
			buildActionMask = 2147483647;
			files = (
			);
			runOnlyForDeploymentPostprocessing = 0;
		};
		C0E18DD02CC69368001FF27C /* Resources */ = {
			isa = PBXResourcesBuildPhase;
			buildActionMask = 2147483647;
			files = (
			);
			runOnlyForDeploymentPostprocessing = 0;
		};
/* End PBXResourcesBuildPhase section */

/* Begin PBXSourcesBuildPhase section */
		C0E18DAE2CC69367001FF27C /* Sources */ = {
			isa = PBXSourcesBuildPhase;
			buildActionMask = 2147483647;
			files = (
				C08D1AEA2CD0115500110470 /* FileContentViewController.swift in Sources */,
				C0E18DBA2CC69367001FF27C /* ViewController.swift in Sources */,
				C0E18DB62CC69367001FF27C /* AppDelegate.swift in Sources */,
				C0E18DB82CC69367001FF27C /* SceneDelegate.swift in Sources */,
			);
			runOnlyForDeploymentPostprocessing = 0;
		};
		C0E18DC42CC69368001FF27C /* Sources */ = {
			isa = PBXSourcesBuildPhase;
			buildActionMask = 2147483647;
			files = (
				C0E18DCD2CC69368001FF27C /* AI_helperTests.swift in Sources */,
			);
			runOnlyForDeploymentPostprocessing = 0;
		};
		C0E18DCE2CC69368001FF27C /* Sources */ = {
			isa = PBXSourcesBuildPhase;
			buildActionMask = 2147483647;
			files = (
				C0E18DD92CC69368001FF27C /* AI_helperUITestsLaunchTests.swift in Sources */,
				C0E18DD72CC69368001FF27C /* AI_helperUITests.swift in Sources */,
			);
			runOnlyForDeploymentPostprocessing = 0;
		};
/* End PBXSourcesBuildPhase section */

/* Begin PBXTargetDependency section */
		C0E18DCA2CC69368001FF27C /* PBXTargetDependency */ = {
			isa = PBXTargetDependency;
			target = C0E18DB12CC69367001FF27C /* AI_helper */;
			targetProxy = C0E18DC92CC69368001FF27C /* PBXContainerItemProxy */;
		};
		C0E18DD42CC69368001FF27C /* PBXTargetDependency */ = {
			isa = PBXTargetDependency;
			target = C0E18DB12CC69367001FF27C /* AI_helper */;
			targetProxy = C0E18DD32CC69368001FF27C /* PBXContainerItemProxy */;
		};
/* End PBXTargetDependency section */

/* Begin PBXVariantGroup section */
		C0E18DBB2CC69367001FF27C /* Main.storyboard */ = {
			isa = PBXVariantGroup;
			children = (
				C0E18DBC2CC69367001FF27C /* Base */,
			);
			name = Main.storyboard;
			sourceTree = "<group>";
		};
		C0E18DC02CC69368001FF27C /* LaunchScreen.storyboard */ = {
			isa = PBXVariantGroup;
			children = (
				C0E18DC12CC69368001FF27C /* Base */,
			);
			name = LaunchScreen.storyboard;
			sourceTree = "<group>";
		};
/* End PBXVariantGroup section */

/* Begin XCBuildConfiguration section */
		C0E18DDA2CC69368001FF27C /* Debug */ = {
			isa = XCBuildConfiguration;
			buildSettings = {
				ALWAYS_SEARCH_USER_PATHS = NO;
				CLANG_ANALYZER_NONNULL = YES;
				CLANG_ANALYZER_NUMBER_OBJECT_CONVERSION = YES_AGGRESSIVE;
				CLANG_CXX_LANGUAGE_STANDARD = "gnu++20";
				CLANG_ENABLE_MODULES = YES;
				CLANG_ENABLE_OBJC_ARC = YES;
				CLANG_ENABLE_OBJC_WEAK = YES;
				CLANG_WARN_BLOCK_CAPTURE_AUTORELEASING = YES;
				CLANG_WARN_BOOL_CONVERSION = YES;
				CLANG_WARN_COMMA = YES;
				CLANG_WARN_CONSTANT_CONVERSION = YES;
				CLANG_WARN_DEPRECATED_OBJC_IMPLEMENTATIONS = YES;
				CLANG_WARN_DIRECT_OBJC_ISA_USAGE = YES_ERROR;
				CLANG_WARN_DOCUMENTATION_COMMENTS = YES;
				CLANG_WARN_EMPTY_BODY = YES;
				CLANG_WARN_ENUM_CONVERSION = YES;
				CLANG_WARN_INFINITE_RECURSION = YES;
				CLANG_WARN_INT_CONVERSION = YES;
				CLANG_WARN_NON_LITERAL_NULL_CONVERSION = YES;
				CLANG_WARN_OBJC_IMPLICIT_RETAIN_SELF = YES;
				CLANG_WARN_OBJC_LITERAL_CONVERSION = YES;
				CLANG_WARN_OBJC_ROOT_CLASS = YES_ERROR;
				CLANG_WARN_QUOTED_INCLUDE_IN_FRAMEWORK_HEADER = YES;
				CLANG_WARN_RANGE_LOOP_ANALYSIS = YES;
				CLANG_WARN_STRICT_PROTOTYPES = YES;
				CLANG_WARN_SUSPICIOUS_MOVE = YES;
				CLANG_WARN_UNGUARDED_AVAILABILITY = YES_AGGRESSIVE;
				CLANG_WARN_UNREACHABLE_CODE = YES;
				CLANG_WARN__DUPLICATE_METHOD_MATCH = YES;
				COPY_PHASE_STRIP = NO;
				DEBUG_INFORMATION_FORMAT = dwarf;
				ENABLE_STRICT_OBJC_MSGSEND = YES;
				ENABLE_TESTABILITY = YES;
				GCC_C_LANGUAGE_STANDARD = gnu11;
				GCC_DYNAMIC_NO_PIC = NO;
				GCC_NO_COMMON_BLOCKS = YES;
				GCC_OPTIMIZATION_LEVEL = 0;
				GCC_PREPROCESSOR_DEFINITIONS = (
					"DEBUG=1",
					"$(inherited)",
				);
				GCC_WARN_64_TO_32_BIT_CONVERSION = YES;
				GCC_WARN_ABOUT_RETURN_TYPE = YES_ERROR;
				GCC_WARN_UNDECLARED_SELECTOR = YES;
				GCC_WARN_UNINITIALIZED_AUTOS = YES_AGGRESSIVE;
				GCC_WARN_UNUSED_FUNCTION = YES;
				GCC_WARN_UNUSED_VARIABLE = YES;
				IPHONEOS_DEPLOYMENT_TARGET = 16.1;
				MTL_ENABLE_DEBUG_INFO = INCLUDE_SOURCE;
				MTL_FAST_MATH = YES;
				ONLY_ACTIVE_ARCH = YES;
				SDKROOT = iphoneos;
				SWIFT_ACTIVE_COMPILATION_CONDITIONS = DEBUG;
				SWIFT_OPTIMIZATION_LEVEL = "-Onone";
			};
			name = Debug;
		};
		C0E18DDB2CC69368001FF27C /* Release */ = {
			isa = XCBuildConfiguration;
			buildSettings = {
				ALWAYS_SEARCH_USER_PATHS = NO;
				CLANG_ANALYZER_NONNULL = YES;
				CLANG_ANALYZER_NUMBER_OBJECT_CONVERSION = YES_AGGRESSIVE;
				CLANG_CXX_LANGUAGE_STANDARD = "gnu++20";
				CLANG_ENABLE_MODULES = YES;
				CLANG_ENABLE_OBJC_ARC = YES;
				CLANG_ENABLE_OBJC_WEAK = YES;
				CLANG_WARN_BLOCK_CAPTURE_AUTORELEASING = YES;
				CLANG_WARN_BOOL_CONVERSION = YES;
				CLANG_WARN_COMMA = YES;
				CLANG_WARN_CONSTANT_CONVERSION = YES;
				CLANG_WARN_DEPRECATED_OBJC_IMPLEMENTATIONS = YES;
				CLANG_WARN_DIRECT_OBJC_ISA_USAGE = YES_ERROR;
				CLANG_WARN_DOCUMENTATION_COMMENTS = YES;
				CLANG_WARN_EMPTY_BODY = YES;
				CLANG_WARN_ENUM_CONVERSION = YES;
				CLANG_WARN_INFINITE_RECURSION = YES;
				CLANG_WARN_INT_CONVERSION = YES;
				CLANG_WARN_NON_LITERAL_NULL_CONVERSION = YES;
				CLANG_WARN_OBJC_IMPLICIT_RETAIN_SELF = YES;
				CLANG_WARN_OBJC_LITERAL_CONVERSION = YES;
				CLANG_WARN_OBJC_ROOT_CLASS = YES_ERROR;
				CLANG_WARN_QUOTED_INCLUDE_IN_FRAMEWORK_HEADER = YES;
				CLANG_WARN_RANGE_LOOP_ANALYSIS = YES;
				CLANG_WARN_STRICT_PROTOTYPES = YES;
				CLANG_WARN_SUSPICIOUS_MOVE = YES;
				CLANG_WARN_UNGUARDED_AVAILABILITY = YES_AGGRESSIVE;
				CLANG_WARN_UNREACHABLE_CODE = YES;
				CLANG_WARN__DUPLICATE_METHOD_MATCH = YES;
				COPY_PHASE_STRIP = NO;
				DEBUG_INFORMATION_FORMAT = "dwarf-with-dsym";
				ENABLE_NS_ASSERTIONS = NO;
				ENABLE_STRICT_OBJC_MSGSEND = YES;
				GCC_C_LANGUAGE_STANDARD = gnu11;
				GCC_NO_COMMON_BLOCKS = YES;
				GCC_WARN_64_TO_32_BIT_CONVERSION = YES;
				GCC_WARN_ABOUT_RETURN_TYPE = YES_ERROR;
				GCC_WARN_UNDECLARED_SELECTOR = YES;
				GCC_WARN_UNINITIALIZED_AUTOS = YES_AGGRESSIVE;
				GCC_WARN_UNUSED_FUNCTION = YES;
				GCC_WARN_UNUSED_VARIABLE = YES;
				IPHONEOS_DEPLOYMENT_TARGET = 16.1;
				MTL_ENABLE_DEBUG_INFO = NO;
				MTL_FAST_MATH = YES;
				SDKROOT = iphoneos;
				SWIFT_COMPILATION_MODE = wholemodule;
				SWIFT_OPTIMIZATION_LEVEL = "-O";
				VALIDATE_PRODUCT = YES;
			};
			name = Release;
		};
		C0E18DDD2CC69368001FF27C /* Debug */ = {
			isa = XCBuildConfiguration;
			buildSettings = {
				ASSETCATALOG_COMPILER_APPICON_NAME = AppIcon;
				ASSETCATALOG_COMPILER_GLOBAL_ACCENT_COLOR_NAME = AccentColor;
				CODE_SIGN_STYLE = Automatic;
				CURRENT_PROJECT_VERSION = 1;
				GENERATE_INFOPLIST_FILE = YES;
				INFOPLIST_FILE = AI_helper/Info.plist;
				INFOPLIST_KEY_UIApplicationSupportsIndirectInputEvents = YES;
				INFOPLIST_KEY_UILaunchStoryboardName = LaunchScreen;
				INFOPLIST_KEY_UIMainStoryboardFile = Main;
				INFOPLIST_KEY_UISupportedInterfaceOrientations_iPad = "UIInterfaceOrientationPortrait UIInterfaceOrientationPortraitUpsideDown UIInterfaceOrientationLandscapeLeft UIInterfaceOrientationLandscapeRight";
				INFOPLIST_KEY_UISupportedInterfaceOrientations_iPhone = "UIInterfaceOrientationPortrait UIInterfaceOrientationLandscapeLeft UIInterfaceOrientationLandscapeRight";
				LD_RUNPATH_SEARCH_PATHS = (
					"$(inherited)",
					"@executable_path/Frameworks",
				);
				MARKETING_VERSION = 1.0;
				PRODUCT_BUNDLE_IDENTIFIER = "my7048.AI-helper";
				PRODUCT_NAME = "$(TARGET_NAME)";
				SWIFT_EMIT_LOC_STRINGS = YES;
				SWIFT_VERSION = 5.0;
				TARGETED_DEVICE_FAMILY = "1,2";
			};
			name = Debug;
		};
		C0E18DDE2CC69368001FF27C /* Release */ = {
			isa = XCBuildConfiguration;
			buildSettings = {
				ASSETCATALOG_COMPILER_APPICON_NAME = AppIcon;
				ASSETCATALOG_COMPILER_GLOBAL_ACCENT_COLOR_NAME = AccentColor;
				CODE_SIGN_STYLE = Automatic;
				CURRENT_PROJECT_VERSION = 1;
				GENERATE_INFOPLIST_FILE = YES;
				INFOPLIST_FILE = AI_helper/Info.plist;
				INFOPLIST_KEY_UIApplicationSupportsIndirectInputEvents = YES;
				INFOPLIST_KEY_UILaunchStoryboardName = LaunchScreen;
				INFOPLIST_KEY_UIMainStoryboardFile = Main;
				INFOPLIST_KEY_UISupportedInterfaceOrientations_iPad = "UIInterfaceOrientationPortrait UIInterfaceOrientationPortraitUpsideDown UIInterfaceOrientationLandscapeLeft UIInterfaceOrientationLandscapeRight";
				INFOPLIST_KEY_UISupportedInterfaceOrientations_iPhone = "UIInterfaceOrientationPortrait UIInterfaceOrientationLandscapeLeft UIInterfaceOrientationLandscapeRight";
				LD_RUNPATH_SEARCH_PATHS = (
					"$(inherited)",
					"@executable_path/Frameworks",
				);
				MARKETING_VERSION = 1.0;
				PRODUCT_BUNDLE_IDENTIFIER = "my7048.AI-helper";
				PRODUCT_NAME = "$(TARGET_NAME)";
				SWIFT_EMIT_LOC_STRINGS = YES;
				SWIFT_VERSION = 5.0;
				TARGETED_DEVICE_FAMILY = "1,2";
			};
			name = Release;
		};
		C0E18DE02CC69368001FF27C /* Debug */ = {
			isa = XCBuildConfiguration;
			buildSettings = {
				ALWAYS_EMBED_SWIFT_STANDARD_LIBRARIES = YES;
				BUNDLE_LOADER = "$(TEST_HOST)";
				CODE_SIGN_STYLE = Automatic;
				CURRENT_PROJECT_VERSION = 1;
				GENERATE_INFOPLIST_FILE = YES;
				IPHONEOS_DEPLOYMENT_TARGET = 16.1;
				MARKETING_VERSION = 1.0;
				PRODUCT_BUNDLE_IDENTIFIER = "my7048.AI-helperTests";
				PRODUCT_NAME = "$(TARGET_NAME)";
				SWIFT_EMIT_LOC_STRINGS = NO;
				SWIFT_VERSION = 5.0;
				TARGETED_DEVICE_FAMILY = "1,2";
				TEST_HOST = "$(BUILT_PRODUCTS_DIR)/AI_helper.app/$(BUNDLE_EXECUTABLE_FOLDER_PATH)/AI_helper";
			};
			name = Debug;
		};
		C0E18DE12CC69368001FF27C /* Release */ = {
			isa = XCBuildConfiguration;
			buildSettings = {
				ALWAYS_EMBED_SWIFT_STANDARD_LIBRARIES = YES;
				BUNDLE_LOADER = "$(TEST_HOST)";
				CODE_SIGN_STYLE = Automatic;
				CURRENT_PROJECT_VERSION = 1;
				GENERATE_INFOPLIST_FILE = YES;
				IPHONEOS_DEPLOYMENT_TARGET = 16.1;
				MARKETING_VERSION = 1.0;
				PRODUCT_BUNDLE_IDENTIFIER = "my7048.AI-helperTests";
				PRODUCT_NAME = "$(TARGET_NAME)";
				SWIFT_EMIT_LOC_STRINGS = NO;
				SWIFT_VERSION = 5.0;
				TARGETED_DEVICE_FAMILY = "1,2";
				TEST_HOST = "$(BUILT_PRODUCTS_DIR)/AI_helper.app/$(BUNDLE_EXECUTABLE_FOLDER_PATH)/AI_helper";
			};
			name = Release;
		};
		C0E18DE32CC69368001FF27C /* Debug */ = {
			isa = XCBuildConfiguration;
			buildSettings = {
				ALWAYS_EMBED_SWIFT_STANDARD_LIBRARIES = YES;
				CODE_SIGN_STYLE = Automatic;
				CURRENT_PROJECT_VERSION = 1;
				GENERATE_INFOPLIST_FILE = YES;
				MARKETING_VERSION = 1.0;
				PRODUCT_BUNDLE_IDENTIFIER = "my7048.AI-helperUITests";
				PRODUCT_NAME = "$(TARGET_NAME)";
				SWIFT_EMIT_LOC_STRINGS = NO;
				SWIFT_VERSION = 5.0;
				TARGETED_DEVICE_FAMILY = "1,2";
				TEST_TARGET_NAME = AI_helper;
			};
			name = Debug;
		};
		C0E18DE42CC69368001FF27C /* Release */ = {
			isa = XCBuildConfiguration;
			buildSettings = {
				ALWAYS_EMBED_SWIFT_STANDARD_LIBRARIES = YES;
				CODE_SIGN_STYLE = Automatic;
				CURRENT_PROJECT_VERSION = 1;
				GENERATE_INFOPLIST_FILE = YES;
				MARKETING_VERSION = 1.0;
				PRODUCT_BUNDLE_IDENTIFIER = "my7048.AI-helperUITests";
				PRODUCT_NAME = "$(TARGET_NAME)";
				SWIFT_EMIT_LOC_STRINGS = NO;
				SWIFT_VERSION = 5.0;
				TARGETED_DEVICE_FAMILY = "1,2";
				TEST_TARGET_NAME = AI_helper;
			};
			name = Release;
		};
/* End XCBuildConfiguration section */

/* Begin XCConfigurationList section */
		C0E18DAD2CC69367001FF27C /* Build configuration list for PBXProject "AI_helper" */ = {
			isa = XCConfigurationList;
			buildConfigurations = (
				C0E18DDA2CC69368001FF27C /* Debug */,
				C0E18DDB2CC69368001FF27C /* Release */,
			);
			defaultConfigurationIsVisible = 0;
			defaultConfigurationName = Release;
		};
		C0E18DDC2CC69368001FF27C /* Build configuration list for PBXNativeTarget "AI_helper" */ = {
			isa = XCConfigurationList;
			buildConfigurations = (
				C0E18DDD2CC69368001FF27C /* Debug */,
				C0E18DDE2CC69368001FF27C /* Release */,
			);
			defaultConfigurationIsVisible = 0;
			defaultConfigurationName = Release;
		};
		C0E18DDF2CC69368001FF27C /* Build configuration list for PBXNativeTarget "AI_helperTests" */ = {
			isa = XCConfigurationList;
			buildConfigurations = (
				C0E18DE02CC69368001FF27C /* Debug */,
				C0E18DE12CC69368001FF27C /* Release */,
			);
			defaultConfigurationIsVisible = 0;
			defaultConfigurationName = Release;
		};
		C0E18DE22CC69368001FF27C /* Build configuration list for PBXNativeTarget "AI_helperUITests" */ = {
			isa = XCConfigurationList;
			buildConfigurations = (
				C0E18DE32CC69368001FF27C /* Debug */,
				C0E18DE42CC69368001FF27C /* Release */,
			);
			defaultConfigurationIsVisible = 0;
			defaultConfigurationName = Release;
		};
/* End XCConfigurationList section */
	};
	rootObject = C0E18DAA2CC69367001FF27C /* Project object */;
}
